// !$*UTF8*$!
{
	archiveVersion = 1;
	classes = {
	};
	objectVersion = 77;
	objects = {

/* Begin PBXBuildFile section */
		57D784112E2AFC0900419E0B /* SecureConfig.swift.template in Resources */ = {isa = PBXBuildFile; fileRef = 57D783E72E2AFC0900419E0B /* SecureConfig.swift.template */; };
		57D784122E2AFC0900419E0B /* Assets.xcassets in Resources */ = {isa = PBXBuildFile; fileRef = 57D7840B2E2AFC0900419E0B /* Assets.xcassets */; };
		57D784132E2AFC0900419E0B /* AppIcon2@3x.png in Resources */ = {isa = PBXBuildFile; fileRef = 57D7840A2E2AFC0900419E0B /* AppIcon2@3x.png */; };
		57D784142E2AFC0900419E0B /* AppIcon2-83.5@2x.png in Resources */ = {isa = PBXBuildFile; fileRef = 57D784082E2AFC0900419E0B /* AppIcon2-83.5@2x.png */; };
		57D784152E2AFC0900419E0B /* AppIcon2@2x.png in Resources */ = {isa = PBXBuildFile; fileRef = 57D784092E2AFC0900419E0B /* AppIcon2@2x.png */; };
		57D784172E2AFC0900419E0B /* AppIcon2-76@2x.png in Resources */ = {isa = PBXBuildFile; fileRef = 57D784072E2AFC0900419E0B /* AppIcon2-76@2x.png */; };
		57D784182E2AFC0900419E0B /* FlowerStore.swift in Sources */ = {isa = PBXBuildFile; fileRef = 57D783EA2E2AFC0900419E0B /* FlowerStore.swift */; };
		57D784192E2AFC0900419E0B /* FlowersApp.swift in Sources */ = {isa = PBXBuildFile; fileRef = 57D7840E2E2AFC0900419E0B /* FlowersApp.swift */; };
		57D7841A2E2AFC0900419E0B /* ViewExtensions.swift in Sources */ = {isa = PBXBuildFile; fileRef = 57D784052E2AFC0900419E0B /* ViewExtensions.swift */; };
		57D7841B2E2AFC0900419E0B /* APIConfiguration.swift in Sources */ = {isa = PBXBuildFile; fileRef = 57D783EC2E2AFC0900419E0B /* APIConfiguration.swift */; };
		57D7841C2E2AFC0900419E0B /* FlowerButtonStyle.swift in Sources */ = {isa = PBXBuildFile; fileRef = 57D783F92E2AFC0900419E0B /* FlowerButtonStyle.swift */; };
		57D7841D2E2AFC0900419E0B /* RevealFlowerButton.swift in Sources */ = {isa = PBXBuildFile; fileRef = 57D784012E2AFC0900419E0B /* RevealFlowerButton.swift */; };
		57D7841E2E2AFC0900419E0B /* GeneratorSheet.swift in Sources */ = {isa = PBXBuildFile; fileRef = 57D783FD2E2AFC0900419E0B /* GeneratorSheet.swift */; };
		57D7841F2E2AFC0900419E0B /* SettingsSheet.swift in Sources */ = {isa = PBXBuildFile; fileRef = 57D784032E2AFC0900419E0B /* SettingsSheet.swift */; };
		57D784202E2AFC0900419E0B /* FALService.swift in Sources */ = {isa = PBXBuildFile; fileRef = 57D783EE2E2AFC0900419E0B /* FALService.swift */; };
		57D784212E2AFC0900419E0B /* iCloudSyncManager.swift in Sources */ = {isa = PBXBuildFile; fileRef = 57D783F12E2AFC0900419E0B /* iCloudSyncManager.swift */; };
		57D784222E2AFC0900419E0B /* OnboardingAssetsService.swift in Sources */ = {isa = PBXBuildFile; fileRef = 57D783F32E2AFC0900419E0B /* OnboardingAssetsService.swift */; };
		57D784232E2AFC0900419E0B /* FavoritesSheet.swift in Sources */ = {isa = PBXBuildFile; fileRef = 57D783F82E2AFC0900419E0B /* FavoritesSheet.swift */; };
		57D784242E2AFC0900419E0B /* LocationManager.swift in Sources */ = {isa = PBXBuildFile; fileRef = 57D783F22E2AFC0900419E0B /* LocationManager.swift */; };
		57D784252E2AFC0900419E0B /* AIFlower.swift in Sources */ = {isa = PBXBuildFile; fileRef = 57D783E92E2AFC0900419E0B /* AIFlower.swift */; };
		57D784262E2AFC0900419E0B /* ContextualFlowerGenerator.swift in Sources */ = {isa = PBXBuildFile; fileRef = 57D783ED2E2AFC0900419E0B /* ContextualFlowerGenerator.swift */; };
		57D784272E2AFC0900419E0B /* SettingsIcon.swift in Sources */ = {isa = PBXBuildFile; fileRef = 57D784022E2AFC0900419E0B /* SettingsIcon.swift */; };
		57D784282E2AFC0900419E0B /* PhotoLibraryService.swift in Sources */ = {isa = PBXBuildFile; fileRef = 57D783F52E2AFC0900419E0B /* PhotoLibraryService.swift */; };
		57D784292E2AFC0900419E0B /* FlowerMapView.swift in Sources */ = {isa = PBXBuildFile; fileRef = 57D783FB2E2AFC0900419E0B /* FlowerMapView.swift */; };
		57D7842A2E2AFC0900419E0B /* ContentView.swift in Sources */ = {isa = PBXBuildFile; fileRef = 57D7840C2E2AFC0900419E0B /* ContentView.swift */; };
		57D7842B2E2AFC0900419E0B /* OpenAIService.swift in Sources */ = {isa = PBXBuildFile; fileRef = 57D783F42E2AFC0900419E0B /* OpenAIService.swift */; };
		57D7842C2E2AFC0900419E0B /* ReceivedFlowerSheet.swift in Sources */ = {isa = PBXBuildFile; fileRef = 57D784002E2AFC0900419E0B /* ReceivedFlowerSheet.swift */; };
		57D7842D2E2AFC0900419E0B /* AppConfig.swift in Sources */ = {isa = PBXBuildFile; fileRef = 57D783E52E2AFC0900419E0B /* AppConfig.swift */; };
		57D7842E2E2AFC0900419E0B /* FlowerRevealView.swift in Sources */ = {isa = PBXBuildFile; fileRef = 57D783FC2E2AFC0900419E0B /* FlowerRevealView.swift */; };
		57D7842F2E2AFC0900419E0B /* FlowerConfettiView.swift in Sources */ = {isa = PBXBuildFile; fileRef = 57D783FA2E2AFC0900419E0B /* FlowerConfettiView.swift */; };
		57D784302E2AFC0900419E0B /* ShareSheet.swift in Sources */ = {isa = PBXBuildFile; fileRef = 57D784042E2AFC0900419E0B /* ShareSheet.swift */; };
		57D784312E2AFC0900419E0B /* SecureConfig.swift in Sources */ = {isa = PBXBuildFile; fileRef = 57D783E62E2AFC0900419E0B /* SecureConfig.swift */; };
		57D784322E2AFC0900419E0B /* FlowerTransferService.swift in Sources */ = {isa = PBXBuildFile; fileRef = 57D783F02E2AFC0900419E0B /* FlowerTransferService.swift */; };
		57D784332E2AFC0900419E0B /* OnboardingView.swift in Sources */ = {isa = PBXBuildFile; fileRef = 57D783FF2E2AFC0900419E0B /* OnboardingView.swift */; };
		57D784342E2AFC0900419E0B /* GiftFlowerSheet.swift in Sources */ = {isa = PBXBuildFile; fileRef = 57D783FE2E2AFC0900419E0B /* GiftFlowerSheet.swift */; };
		57D784352E2AFC0900419E0B /* FlowerNotificationSchedule.swift in Sources */ = {isa = PBXBuildFile; fileRef = 57D783EF2E2AFC0900419E0B /* FlowerNotificationSchedule.swift */; };
/* End PBXBuildFile section */

/* Begin PBXContainerItemProxy section */
		570A02992E25859800C149C7 /* PBXContainerItemProxy */ = {
			isa = PBXContainerItemProxy;
			containerPortal = 570A027F2E25859600C149C7 /* Project object */;
			proxyType = 1;
			remoteGlobalIDString = 570A02862E25859600C149C7;
			remoteInfo = Flowers;
		};
		570A02A32E25859800C149C7 /* PBXContainerItemProxy */ = {
			isa = PBXContainerItemProxy;
			containerPortal = 570A027F2E25859600C149C7 /* Project object */;
			proxyType = 1;
			remoteGlobalIDString = 570A02862E25859600C149C7;
			remoteInfo = Flowers;
		};
/* End PBXContainerItemProxy section */

/* Begin PBXFileReference section */
		570A02872E25859600C149C7 /* Flowers.app */ = {isa = PBXFileReference; explicitFileType = wrapper.application; includeInIndex = 0; path = Flowers.app; sourceTree = BUILT_PRODUCTS_DIR; };
		570A02982E25859800C149C7 /* FlowersTests.xctest */ = {isa = PBXFileReference; explicitFileType = wrapper.cfbundle; includeInIndex = 0; path = FlowersTests.xctest; sourceTree = BUILT_PRODUCTS_DIR; };
		570A02A22E25859800C149C7 /* FlowersUITests.xctest */ = {isa = PBXFileReference; explicitFileType = wrapper.cfbundle; includeInIndex = 0; path = FlowersUITests.xctest; sourceTree = BUILT_PRODUCTS_DIR; };
		57D783E52E2AFC0900419E0B /* AppConfig.swift */ = {isa = PBXFileReference; lastKnownFileType = sourcecode.swift; path = AppConfig.swift; sourceTree = "<group>"; };
		57D783E62E2AFC0900419E0B /* SecureConfig.swift */ = {isa = PBXFileReference; lastKnownFileType = sourcecode.swift; path = SecureConfig.swift; sourceTree = "<group>"; };
		57D783E72E2AFC0900419E0B /* SecureConfig.swift.template */ = {isa = PBXFileReference; lastKnownFileType = text; path = SecureConfig.swift.template; sourceTree = "<group>"; };
		57D783E92E2AFC0900419E0B /* AIFlower.swift */ = {isa = PBXFileReference; lastKnownFileType = sourcecode.swift; path = AIFlower.swift; sourceTree = "<group>"; };
		57D783EA2E2AFC0900419E0B /* FlowerStore.swift */ = {isa = PBXFileReference; lastKnownFileType = sourcecode.swift; path = FlowerStore.swift; sourceTree = "<group>"; };
		57D783EC2E2AFC0900419E0B /* APIConfiguration.swift */ = {isa = PBXFileReference; lastKnownFileType = sourcecode.swift; path = APIConfiguration.swift; sourceTree = "<group>"; };
		57D783ED2E2AFC0900419E0B /* ContextualFlowerGenerator.swift */ = {isa = PBXFileReference; lastKnownFileType = sourcecode.swift; path = ContextualFlowerGenerator.swift; sourceTree = "<group>"; };
		57D783EE2E2AFC0900419E0B /* FALService.swift */ = {isa = PBXFileReference; lastKnownFileType = sourcecode.swift; path = FALService.swift; sourceTree = "<group>"; };
		57D783EF2E2AFC0900419E0B /* FlowerNotificationSchedule.swift */ = {isa = PBXFileReference; lastKnownFileType = sourcecode.swift; path = FlowerNotificationSchedule.swift; sourceTree = "<group>"; };
		57D783F02E2AFC0900419E0B /* FlowerTransferService.swift */ = {isa = PBXFileReference; lastKnownFileType = sourcecode.swift; path = FlowerTransferService.swift; sourceTree = "<group>"; };
		57D783F12E2AFC0900419E0B /* iCloudSyncManager.swift */ = {isa = PBXFileReference; lastKnownFileType = sourcecode.swift; path = iCloudSyncManager.swift; sourceTree = "<group>"; };
		57D783F22E2AFC0900419E0B /* LocationManager.swift */ = {isa = PBXFileReference; lastKnownFileType = sourcecode.swift; path = LocationManager.swift; sourceTree = "<group>"; };
		57D783F32E2AFC0900419E0B /* OnboardingAssetsService.swift */ = {isa = PBXFileReference; lastKnownFileType = sourcecode.swift; path = OnboardingAssetsService.swift; sourceTree = "<group>"; };
		57D783F42E2AFC0900419E0B /* OpenAIService.swift */ = {isa = PBXFileReference; lastKnownFileType = sourcecode.swift; path = OpenAIService.swift; sourceTree = "<group>"; };
		57D783F52E2AFC0900419E0B /* PhotoLibraryService.swift */ = {isa = PBXFileReference; lastKnownFileType = sourcecode.swift; path = PhotoLibraryService.swift; sourceTree = "<group>"; };
		57D783F82E2AFC0900419E0B /* FavoritesSheet.swift */ = {isa = PBXFileReference; lastKnownFileType = sourcecode.swift; path = FavoritesSheet.swift; sourceTree = "<group>"; };
		57D783F92E2AFC0900419E0B /* FlowerButtonStyle.swift */ = {isa = PBXFileReference; lastKnownFileType = sourcecode.swift; path = FlowerButtonStyle.swift; sourceTree = "<group>"; };
		57D783FA2E2AFC0900419E0B /* FlowerConfettiView.swift */ = {isa = PBXFileReference; lastKnownFileType = sourcecode.swift; path = FlowerConfettiView.swift; sourceTree = "<group>"; };
		57D783FB2E2AFC0900419E0B /* FlowerMapView.swift */ = {isa = PBXFileReference; lastKnownFileType = sourcecode.swift; path = FlowerMapView.swift; sourceTree = "<group>"; };
		57D783FC2E2AFC0900419E0B /* FlowerRevealView.swift */ = {isa = PBXFileReference; lastKnownFileType = sourcecode.swift; path = FlowerRevealView.swift; sourceTree = "<group>"; };
		57D783FD2E2AFC0900419E0B /* GeneratorSheet.swift */ = {isa = PBXFileReference; lastKnownFileType = sourcecode.swift; path = GeneratorSheet.swift; sourceTree = "<group>"; };
		57D783FE2E2AFC0900419E0B /* GiftFlowerSheet.swift */ = {isa = PBXFileReference; lastKnownFileType = sourcecode.swift; path = GiftFlowerSheet.swift; sourceTree = "<group>"; };
		57D783FF2E2AFC0900419E0B /* OnboardingView.swift */ = {isa = PBXFileReference; lastKnownFileType = sourcecode.swift; path = OnboardingView.swift; sourceTree = "<group>"; };
		57D784002E2AFC0900419E0B /* ReceivedFlowerSheet.swift */ = {isa = PBXFileReference; lastKnownFileType = sourcecode.swift; path = ReceivedFlowerSheet.swift; sourceTree = "<group>"; };
		57D784012E2AFC0900419E0B /* RevealFlowerButton.swift */ = {isa = PBXFileReference; lastKnownFileType = sourcecode.swift; path = RevealFlowerButton.swift; sourceTree = "<group>"; };
		57D784022E2AFC0900419E0B /* SettingsIcon.swift */ = {isa = PBXFileReference; lastKnownFileType = sourcecode.swift; path = SettingsIcon.swift; sourceTree = "<group>"; };
		57D784032E2AFC0900419E0B /* SettingsSheet.swift */ = {isa = PBXFileReference; lastKnownFileType = sourcecode.swift; path = SettingsSheet.swift; sourceTree = "<group>"; };
		57D784042E2AFC0900419E0B /* ShareSheet.swift */ = {isa = PBXFileReference; lastKnownFileType = sourcecode.swift; path = ShareSheet.swift; sourceTree = "<group>"; };
		57D784052E2AFC0900419E0B /* ViewExtensions.swift */ = {isa = PBXFileReference; lastKnownFileType = sourcecode.swift; path = ViewExtensions.swift; sourceTree = "<group>"; };
		57D784072E2AFC0900419E0B /* AppIcon2-76@2x.png */ = {isa = PBXFileReference; lastKnownFileType = image.png; path = "AppIcon2-76@2x.png"; sourceTree = "<group>"; };
		57D784082E2AFC0900419E0B /* AppIcon2-83.5@2x.png */ = {isa = PBXFileReference; lastKnownFileType = image.png; path = "AppIcon2-83.5@2x.png"; sourceTree = "<group>"; };
		57D784092E2AFC0900419E0B /* AppIcon2@2x.png */ = {isa = PBXFileReference; lastKnownFileType = image.png; path = "AppIcon2@2x.png"; sourceTree = "<group>"; };
		57D7840A2E2AFC0900419E0B /* AppIcon2@3x.png */ = {isa = PBXFileReference; lastKnownFileType = image.png; path = "AppIcon2@3x.png"; sourceTree = "<group>"; };
		57D7840B2E2AFC0900419E0B /* Assets.xcassets */ = {isa = PBXFileReference; lastKnownFileType = folder.assetcatalog; path = Assets.xcassets; sourceTree = "<group>"; };
		57D7840C2E2AFC0900419E0B /* ContentView.swift */ = {isa = PBXFileReference; lastKnownFileType = sourcecode.swift; path = ContentView.swift; sourceTree = "<group>"; };
		57D7840D2E2AFC0900419E0B /* Flowers.entitlements */ = {isa = PBXFileReference; lastKnownFileType = text.plist.entitlements; path = Flowers.entitlements; sourceTree = "<group>"; };
		57D7840E2E2AFC0900419E0B /* FlowersApp.swift */ = {isa = PBXFileReference; lastKnownFileType = sourcecode.swift; path = FlowersApp.swift; sourceTree = "<group>"; };
		57D7840F2E2AFC0900419E0B /* Info.plist */ = {isa = PBXFileReference; lastKnownFileType = text.plist.xml; path = Info.plist; sourceTree = "<group>"; };
/* End PBXFileReference section */

/* Begin PBXFileSystemSynchronizedBuildFileExceptionSet section */
		570A02AA2E25859800C149C7 /* Exceptions for "Flowers" folder in "Flowers" target */ = {
			isa = PBXFileSystemSynchronizedBuildFileExceptionSet;
			membershipExceptions = (
				Info.plist,
			);
			target = 570A02862E25859600C149C7 /* Flowers */;
		};
/* End PBXFileSystemSynchronizedBuildFileExceptionSet section */

/* Begin PBXFileSystemSynchronizedRootGroup section */
		570A02892E25859600C149C7 /* Flowers */ = {
			isa = PBXFileSystemSynchronizedRootGroup;
			exceptions = (
				570A02AA2E25859800C149C7 /* Exceptions for "Flowers" folder in "Flowers" target */,
			);
			path = Flowers;
			sourceTree = "<group>";
		};
		570A029B2E25859800C149C7 /* FlowersTests */ = {
			isa = PBXFileSystemSynchronizedRootGroup;
			path = FlowersTests;
			sourceTree = "<group>";
		};
		570A02A52E25859800C149C7 /* FlowersUITests */ = {
			isa = PBXFileSystemSynchronizedRootGroup;
			path = FlowersUITests;
			sourceTree = "<group>";
		};
/* End PBXFileSystemSynchronizedRootGroup section */

/* Begin PBXFrameworksBuildPhase section */
		570A02842E25859600C149C7 /* Frameworks */ = {
			isa = PBXFrameworksBuildPhase;
			buildActionMask = 2147483647;
			files = (
			);
			runOnlyForDeploymentPostprocessing = 0;
		};
		570A02952E25859800C149C7 /* Frameworks */ = {
			isa = PBXFrameworksBuildPhase;
			buildActionMask = 2147483647;
			files = (
			);
			runOnlyForDeploymentPostprocessing = 0;
		};
		570A029F2E25859800C149C7 /* Frameworks */ = {
			isa = PBXFrameworksBuildPhase;
			buildActionMask = 2147483647;
			files = (
			);
			runOnlyForDeploymentPostprocessing = 0;
		};
/* End PBXFrameworksBuildPhase section */

/* Begin PBXGroup section */
		570A027E2E25859600C149C7 = {
			isa = PBXGroup;
			children = (
				57D784102E2AFC0900419E0B /* Flowers */,
				570A02892E25859600C149C7 /* Flowers */,
				570A029B2E25859800C149C7 /* FlowersTests */,
				570A02A52E25859800C149C7 /* FlowersUITests */,
				570A02882E25859600C149C7 /* Products */,
			);
			sourceTree = "<group>";
		};
		570A02882E25859600C149C7 /* Products */ = {
			isa = PBXGroup;
			children = (
				570A02872E25859600C149C7 /* Flowers.app */,
				570A02982E25859800C149C7 /* FlowersTests.xctest */,
				570A02A22E25859800C149C7 /* FlowersUITests.xctest */,
			);
			name = Products;
			sourceTree = "<group>";
		};
		57D783E82E2AFC0900419E0B /* Configuration */ = {
			isa = PBXGroup;
			children = (
				57D783E52E2AFC0900419E0B /* AppConfig.swift */,
				57D783E62E2AFC0900419E0B /* SecureConfig.swift */,
				57D783E72E2AFC0900419E0B /* SecureConfig.swift.template */,
			);
			path = Configuration;
			sourceTree = "<group>";
		};
		57D783EB2E2AFC0900419E0B /* Models */ = {
			isa = PBXGroup;
			children = (
				57D783E92E2AFC0900419E0B /* AIFlower.swift */,
				57D783EA2E2AFC0900419E0B /* FlowerStore.swift */,
			);
			path = Models;
			sourceTree = "<group>";
		};
		57D783F62E2AFC0900419E0B /* Services */ = {
			isa = PBXGroup;
			children = (
				57D783EC2E2AFC0900419E0B /* APIConfiguration.swift */,
				57D783ED2E2AFC0900419E0B /* ContextualFlowerGenerator.swift */,
				57D783EE2E2AFC0900419E0B /* FALService.swift */,
				57D783EF2E2AFC0900419E0B /* FlowerNotificationSchedule.swift */,
				57D783F02E2AFC0900419E0B /* FlowerTransferService.swift */,
				57D783F12E2AFC0900419E0B /* iCloudSyncManager.swift */,
				57D783F22E2AFC0900419E0B /* LocationManager.swift */,
				57D783F32E2AFC0900419E0B /* OnboardingAssetsService.swift */,
				57D783F42E2AFC0900419E0B /* OpenAIService.swift */,
				57D783F52E2AFC0900419E0B /* PhotoLibraryService.swift */,
			);
			path = Services;
			sourceTree = "<group>";
		};
		57D783F72E2AFC0900419E0B /* Theme */ = {
			isa = PBXGroup;
			children = (
			);
			path = Theme;
			sourceTree = "<group>";
		};
		57D784062E2AFC0900419E0B /* Views */ = {
			isa = PBXGroup;
			children = (
				57D783F82E2AFC0900419E0B /* FavoritesSheet.swift */,
				57D783F92E2AFC0900419E0B /* FlowerButtonStyle.swift */,
				57D783FA2E2AFC0900419E0B /* FlowerConfettiView.swift */,
				57D783FB2E2AFC0900419E0B /* FlowerMapView.swift */,
				57D783FC2E2AFC0900419E0B /* FlowerRevealView.swift */,
				57D783FD2E2AFC0900419E0B /* GeneratorSheet.swift */,
				57D783FE2E2AFC0900419E0B /* GiftFlowerSheet.swift */,
				57D783FF2E2AFC0900419E0B /* OnboardingView.swift */,
				57D784002E2AFC0900419E0B /* ReceivedFlowerSheet.swift */,
				57D784012E2AFC0900419E0B /* RevealFlowerButton.swift */,
				57D784022E2AFC0900419E0B /* SettingsIcon.swift */,
				57D784032E2AFC0900419E0B /* SettingsSheet.swift */,
				57D784042E2AFC0900419E0B /* ShareSheet.swift */,
				57D784052E2AFC0900419E0B /* ViewExtensions.swift */,
			);
			path = Views;
			sourceTree = "<group>";
		};
		57D784102E2AFC0900419E0B /* Flowers */ = {
			isa = PBXGroup;
			children = (
				57D783E82E2AFC0900419E0B /* Configuration */,
				57D783EB2E2AFC0900419E0B /* Models */,
				57D783F62E2AFC0900419E0B /* Services */,
				57D783F72E2AFC0900419E0B /* Theme */,
				57D784062E2AFC0900419E0B /* Views */,
				57D784072E2AFC0900419E0B /* AppIcon2-76@2x.png */,
				57D784082E2AFC0900419E0B /* AppIcon2-83.5@2x.png */,
				57D784092E2AFC0900419E0B /* AppIcon2@2x.png */,
				57D7840A2E2AFC0900419E0B /* AppIcon2@3x.png */,
				57D7840B2E2AFC0900419E0B /* Assets.xcassets */,
				57D7840C2E2AFC0900419E0B /* ContentView.swift */,
				57D7840D2E2AFC0900419E0B /* Flowers.entitlements */,
				57D7840E2E2AFC0900419E0B /* FlowersApp.swift */,
				57D7840F2E2AFC0900419E0B /* Info.plist */,
			);
			path = Flowers;
			sourceTree = "<group>";
		};
/* End PBXGroup section */

/* Begin PBXNativeTarget section */
		570A02862E25859600C149C7 /* Flowers */ = {
			isa = PBXNativeTarget;
			buildConfigurationList = 570A02AB2E25859800C149C7 /* Build configuration list for PBXNativeTarget "Flowers" */;
			buildPhases = (
				570A02832E25859600C149C7 /* Sources */,
				570A02842E25859600C149C7 /* Frameworks */,
				570A02852E25859600C149C7 /* Resources */,
			);
			buildRules = (
			);
			dependencies = (
			);
			fileSystemSynchronizedGroups = (
				570A02892E25859600C149C7 /* Flowers */,
			);
			name = Flowers;
			packageProductDependencies = (
			);
			productName = Flowers;
			productReference = 570A02872E25859600C149C7 /* Flowers.app */;
			productType = "com.apple.product-type.application";
		};
		570A02972E25859800C149C7 /* FlowersTests */ = {
			isa = PBXNativeTarget;
			buildConfigurationList = 570A02B02E25859800C149C7 /* Build configuration list for PBXNativeTarget "FlowersTests" */;
			buildPhases = (
				570A02942E25859800C149C7 /* Sources */,
				570A02952E25859800C149C7 /* Frameworks */,
				570A02962E25859800C149C7 /* Resources */,
			);
			buildRules = (
			);
			dependencies = (
				570A029A2E25859800C149C7 /* PBXTargetDependency */,
			);
			fileSystemSynchronizedGroups = (
				570A029B2E25859800C149C7 /* FlowersTests */,
			);
			name = FlowersTests;
			packageProductDependencies = (
			);
			productName = FlowersTests;
			productReference = 570A02982E25859800C149C7 /* FlowersTests.xctest */;
			productType = "com.apple.product-type.bundle.unit-test";
		};
		570A02A12E25859800C149C7 /* FlowersUITests */ = {
			isa = PBXNativeTarget;
			buildConfigurationList = 570A02B32E25859800C149C7 /* Build configuration list for PBXNativeTarget "FlowersUITests" */;
			buildPhases = (
				570A029E2E25859800C149C7 /* Sources */,
				570A029F2E25859800C149C7 /* Frameworks */,
				570A02A02E25859800C149C7 /* Resources */,
			);
			buildRules = (
			);
			dependencies = (
				570A02A42E25859800C149C7 /* PBXTargetDependency */,
			);
			fileSystemSynchronizedGroups = (
				570A02A52E25859800C149C7 /* FlowersUITests */,
			);
			name = FlowersUITests;
			packageProductDependencies = (
			);
			productName = FlowersUITests;
			productReference = 570A02A22E25859800C149C7 /* FlowersUITests.xctest */;
			productType = "com.apple.product-type.bundle.ui-testing";
		};
/* End PBXNativeTarget section */

/* Begin PBXProject section */
		570A027F2E25859600C149C7 /* Project object */ = {
			isa = PBXProject;
			attributes = {
				BuildIndependentTargetsInParallel = 1;
				LastSwiftUpdateCheck = 1640;
				LastUpgradeCheck = 1640;
				TargetAttributes = {
					570A02862E25859600C149C7 = {
						CreatedOnToolsVersion = 16.4;
					};
					570A02972E25859800C149C7 = {
						CreatedOnToolsVersion = 16.4;
						TestTargetID = 570A02862E25859600C149C7;
					};
					570A02A12E25859800C149C7 = {
						CreatedOnToolsVersion = 16.4;
						TestTargetID = 570A02862E25859600C149C7;
					};
				};
			};
			buildConfigurationList = 570A02822E25859600C149C7 /* Build configuration list for PBXProject "Flowers" */;
			developmentRegion = en;
			hasScannedForEncodings = 0;
			knownRegions = (
				en,
				Base,
			);
			mainGroup = 570A027E2E25859600C149C7;
			minimizedProjectReferenceProxies = 1;
			preferredProjectObjectVersion = 77;
			productRefGroup = 570A02882E25859600C149C7 /* Products */;
			projectDirPath = "";
			projectRoot = "";
			targets = (
				570A02862E25859600C149C7 /* Flowers */,
				570A02972E25859800C149C7 /* FlowersTests */,
				570A02A12E25859800C149C7 /* FlowersUITests */,
			);
		};
/* End PBXProject section */

/* Begin PBXResourcesBuildPhase section */
		570A02852E25859600C149C7 /* Resources */ = {
			isa = PBXResourcesBuildPhase;
			buildActionMask = 2147483647;
			files = (
				57D784112E2AFC0900419E0B /* SecureConfig.swift.template in Resources */,
				57D784122E2AFC0900419E0B /* Assets.xcassets in Resources */,
				57D784132E2AFC0900419E0B /* AppIcon2@3x.png in Resources */,
				57D784142E2AFC0900419E0B /* AppIcon2-83.5@2x.png in Resources */,
				57D784152E2AFC0900419E0B /* AppIcon2@2x.png in Resources */,
				57D784172E2AFC0900419E0B /* AppIcon2-76@2x.png in Resources */,
			);
			runOnlyForDeploymentPostprocessing = 0;
		};
		570A02962E25859800C149C7 /* Resources */ = {
			isa = PBXResourcesBuildPhase;
			buildActionMask = 2147483647;
			files = (
			);
			runOnlyForDeploymentPostprocessing = 0;
		};
		570A02A02E25859800C149C7 /* Resources */ = {
			isa = PBXResourcesBuildPhase;
			buildActionMask = 2147483647;
			files = (
			);
			runOnlyForDeploymentPostprocessing = 0;
		};
/* End PBXResourcesBuildPhase section */

/* Begin PBXSourcesBuildPhase section */
		570A02832E25859600C149C7 /* Sources */ = {
			isa = PBXSourcesBuildPhase;
			buildActionMask = 2147483647;
			files = (
				57D784182E2AFC0900419E0B /* FlowerStore.swift in Sources */,
				57D784192E2AFC0900419E0B /* FlowersApp.swift in Sources */,
				57D7841A2E2AFC0900419E0B /* ViewExtensions.swift in Sources */,
				57D7841B2E2AFC0900419E0B /* APIConfiguration.swift in Sources */,
				57D7841C2E2AFC0900419E0B /* FlowerButtonStyle.swift in Sources */,
				57D7841D2E2AFC0900419E0B /* RevealFlowerButton.swift in Sources */,
				57D7841E2E2AFC0900419E0B /* GeneratorSheet.swift in Sources */,
				57D7841F2E2AFC0900419E0B /* SettingsSheet.swift in Sources */,
				57D784202E2AFC0900419E0B /* FALService.swift in Sources */,
				57D784212E2AFC0900419E0B /* iCloudSyncManager.swift in Sources */,
				57D784222E2AFC0900419E0B /* OnboardingAssetsService.swift in Sources */,
				57D784232E2AFC0900419E0B /* FavoritesSheet.swift in Sources */,
				57D784242E2AFC0900419E0B /* LocationManager.swift in Sources */,
				57D784252E2AFC0900419E0B /* AIFlower.swift in Sources */,
				57D784262E2AFC0900419E0B /* ContextualFlowerGenerator.swift in Sources */,
				57D784272E2AFC0900419E0B /* SettingsIcon.swift in Sources */,
				57D784282E2AFC0900419E0B /* PhotoLibraryService.swift in Sources */,
				57D784292E2AFC0900419E0B /* FlowerMapView.swift in Sources */,
				57D7842A2E2AFC0900419E0B /* ContentView.swift in Sources */,
				57D7842B2E2AFC0900419E0B /* OpenAIService.swift in Sources */,
				57D7842C2E2AFC0900419E0B /* ReceivedFlowerSheet.swift in Sources */,
				57D7842D2E2AFC0900419E0B /* AppConfig.swift in Sources */,
				57D7842E2E2AFC0900419E0B /* FlowerRevealView.swift in Sources */,
				57D7842F2E2AFC0900419E0B /* FlowerConfettiView.swift in Sources */,
				57D784302E2AFC0900419E0B /* ShareSheet.swift in Sources */,
				57D784312E2AFC0900419E0B /* SecureConfig.swift in Sources */,
				57D784322E2AFC0900419E0B /* FlowerTransferService.swift in Sources */,
				57D784332E2AFC0900419E0B /* OnboardingView.swift in Sources */,
				57D784342E2AFC0900419E0B /* GiftFlowerSheet.swift in Sources */,
				57D784352E2AFC0900419E0B /* FlowerNotificationSchedule.swift in Sources */,
			);
			runOnlyForDeploymentPostprocessing = 0;
		};
		570A02942E25859800C149C7 /* Sources */ = {
			isa = PBXSourcesBuildPhase;
			buildActionMask = 2147483647;
			files = (
			);
			runOnlyForDeploymentPostprocessing = 0;
		};
		570A029E2E25859800C149C7 /* Sources */ = {
			isa = PBXSourcesBuildPhase;
			buildActionMask = 2147483647;
			files = (
			);
			runOnlyForDeploymentPostprocessing = 0;
		};
/* End PBXSourcesBuildPhase section */

/* Begin PBXTargetDependency section */
		570A029A2E25859800C149C7 /* PBXTargetDependency */ = {
			isa = PBXTargetDependency;
			target = 570A02862E25859600C149C7 /* Flowers */;
			targetProxy = 570A02992E25859800C149C7 /* PBXContainerItemProxy */;
		};
		570A02A42E25859800C149C7 /* PBXTargetDependency */ = {
			isa = PBXTargetDependency;
			target = 570A02862E25859600C149C7 /* Flowers */;
			targetProxy = 570A02A32E25859800C149C7 /* PBXContainerItemProxy */;
		};
/* End PBXTargetDependency section */

/* Begin XCBuildConfiguration section */
		570A02AC2E25859800C149C7 /* Debug */ = {
			isa = XCBuildConfiguration;
			buildSettings = {
				ASSETCATALOG_COMPILER_APPICON_NAME = AppIcon;
				ASSETCATALOG_COMPILER_GLOBAL_ACCENT_COLOR_NAME = AccentColor;
				CODE_SIGN_ENTITLEMENTS = Flowers/Flowers.entitlements;
				CODE_SIGN_STYLE = Automatic;
				CURRENT_PROJECT_VERSION = 1;
				DEVELOPMENT_TEAM = HJJGM6KHY5;
				ENABLE_PREVIEWS = YES;
				GENERATE_INFOPLIST_FILE = YES;
				INFOPLIST_FILE = Flowers/Info.plist;
				INFOPLIST_KEY_CFBundleDisplayName = Flowers;
				INFOPLIST_KEY_UIApplicationSceneManifest_Generation = YES;
				INFOPLIST_KEY_UIApplicationSupportsIndirectInputEvents = YES;
				INFOPLIST_KEY_UILaunchScreen_Generation = YES;
				INFOPLIST_KEY_UISupportedInterfaceOrientations = UIInterfaceOrientationPortrait;
				INFOPLIST_KEY_UISupportedInterfaceOrientations_iPad = "UIInterfaceOrientationLandscapeLeft UIInterfaceOrientationLandscapeRight UIInterfaceOrientationPortrait UIInterfaceOrientationPortraitUpsideDown";
				IPHONEOS_DEPLOYMENT_TARGET = 18.0;
				LD_RUNPATH_SEARCH_PATHS = (
					"$(inherited)",
					"@executable_path/Frameworks",
				);
				MARKETING_VERSION = 1.0;
				PRODUCT_BUNDLE_IDENTIFIER = OCTOBER.Flowers;
				PRODUCT_NAME = "$(TARGET_NAME)";
				SWIFT_EMIT_LOC_STRINGS = YES;
				SWIFT_VERSION = 5.0;
				TARGETED_DEVICE_FAMILY = "1,2";
			};
			name = Debug;
		};
		570A02AD2E25859800C149C7 /* Release */ = {
			isa = XCBuildConfiguration;
			buildSettings = {
				ASSETCATALOG_COMPILER_APPICON_NAME = AppIcon;
				ASSETCATALOG_COMPILER_GLOBAL_ACCENT_COLOR_NAME = AccentColor;
				CODE_SIGN_ENTITLEMENTS = Flowers/Flowers.entitlements;
				CODE_SIGN_STYLE = Automatic;
				CURRENT_PROJECT_VERSION = 1;
				DEVELOPMENT_TEAM = HJJGM6KHY5;
				ENABLE_PREVIEWS = YES;
				GENERATE_INFOPLIST_FILE = YES;
				INFOPLIST_FILE = Flowers/Info.plist;
				INFOPLIST_KEY_CFBundleDisplayName = Flowers;
				INFOPLIST_KEY_UIApplicationSceneManifest_Generation = YES;
				INFOPLIST_KEY_UIApplicationSupportsIndirectInputEvents = YES;
				INFOPLIST_KEY_UILaunchScreen_Generation = YES;
				INFOPLIST_KEY_UISupportedInterfaceOrientations = UIInterfaceOrientationPortrait;
				INFOPLIST_KEY_UISupportedInterfaceOrientations_iPad = "UIInterfaceOrientationLandscapeLeft UIInterfaceOrientationLandscapeRight UIInterfaceOrientationPortrait UIInterfaceOrientationPortraitUpsideDown";
				IPHONEOS_DEPLOYMENT_TARGET = 18.0;
				LD_RUNPATH_SEARCH_PATHS = (
					"$(inherited)",
					"@executable_path/Frameworks",
				);
				MARKETING_VERSION = 1.0;
				PRODUCT_BUNDLE_IDENTIFIER = OCTOBER.Flowers;
				PRODUCT_NAME = "$(TARGET_NAME)";
				SWIFT_EMIT_LOC_STRINGS = YES;
				SWIFT_VERSION = 5.0;
				TARGETED_DEVICE_FAMILY = "1,2";
			};
			name = Release;
		};
		570A02AE2E25859800C149C7 /* Debug */ = {
			isa = XCBuildConfiguration;
			buildSettings = {
				ALWAYS_SEARCH_USER_PATHS = NO;
				ASSETCATALOG_COMPILER_GENERATE_SWIFT_ASSET_SYMBOL_EXTENSIONS = YES;
				CLANG_ANALYZER_NONNULL = YES;
				CLANG_ANALYZER_NUMBER_OBJECT_CONVERSION = YES_AGGRESSIVE;
				CLANG_CXX_LANGUAGE_STANDARD = "gnu++20";
				CLANG_ENABLE_MODULES = YES;
				CLANG_ENABLE_OBJC_ARC = YES;
				CLANG_ENABLE_OBJC_WEAK = YES;
				CLANG_WARN_BLOCK_CAPTURE_AUTORELEASING = YES;
				CLANG_WARN_BOOL_CONVERSION = YES;
				CLANG_WARN_COMMA = YES;
				CLANG_WARN_CONSTANT_CONVERSION = YES;
				CLANG_WARN_DEPRECATED_OBJC_IMPLEMENTATIONS = YES;
				CLANG_WARN_DIRECT_OBJC_ISA_USAGE = YES_ERROR;
				CLANG_WARN_DOCUMENTATION_COMMENTS = YES;
				CLANG_WARN_EMPTY_BODY = YES;
				CLANG_WARN_ENUM_CONVERSION = YES;
				CLANG_WARN_INFINITE_RECURSION = YES;
				CLANG_WARN_INT_CONVERSION = YES;
				CLANG_WARN_NON_LITERAL_NULL_CONVERSION = YES;
				CLANG_WARN_OBJC_IMPLICIT_RETAIN_SELF = YES;
				CLANG_WARN_OBJC_LITERAL_CONVERSION = YES;
				CLANG_WARN_OBJC_ROOT_CLASS = YES_ERROR;
				CLANG_WARN_QUOTED_INCLUDE_IN_FRAMEWORK_HEADER = YES;
				CLANG_WARN_RANGE_LOOP_ANALYSIS = YES;
				CLANG_WARN_STRICT_PROTOTYPES = YES;
				CLANG_WARN_SUSPICIOUS_MOVE = YES;
				CLANG_WARN_UNGUARDED_AVAILABILITY = YES_AGGRESSIVE;
				CLANG_WARN_UNREACHABLE_CODE = YES;
				CLANG_WARN__DUPLICATE_METHOD_MATCH = YES;
				COPY_PHASE_STRIP = NO;
				DEBUG_INFORMATION_FORMAT = dwarf;
				DEVELOPMENT_TEAM = HJJGM6KHY5;
				ENABLE_STRICT_OBJC_MSGSEND = YES;
				ENABLE_TESTABILITY = YES;
				ENABLE_USER_SCRIPT_SANDBOXING = YES;
				GCC_C_LANGUAGE_STANDARD = gnu17;
				GCC_DYNAMIC_NO_PIC = NO;
				GCC_NO_COMMON_BLOCKS = YES;
				GCC_OPTIMIZATION_LEVEL = 0;
				GCC_PREPROCESSOR_DEFINITIONS = (
					"DEBUG=1",
					"$(inherited)",
				);
				GCC_WARN_64_TO_32_BIT_CONVERSION = YES;
				GCC_WARN_ABOUT_RETURN_TYPE = YES_ERROR;
				GCC_WARN_UNDECLARED_SELECTOR = YES;
				GCC_WARN_UNINITIALIZED_AUTOS = YES_AGGRESSIVE;
				GCC_WARN_UNUSED_FUNCTION = YES;
				GCC_WARN_UNUSED_VARIABLE = YES;
				IPHONEOS_DEPLOYMENT_TARGET = 18.5;
				LOCALIZATION_PREFERS_STRING_CATALOGS = YES;
				MTL_ENABLE_DEBUG_INFO = INCLUDE_SOURCE;
				MTL_FAST_MATH = YES;
				ONLY_ACTIVE_ARCH = YES;
				SDKROOT = iphoneos;
				SWIFT_ACTIVE_COMPILATION_CONDITIONS = "DEBUG $(inherited)";
				SWIFT_OPTIMIZATION_LEVEL = "-Onone";
			};
			name = Debug;
		};
		570A02AF2E25859800C149C7 /* Release */ = {
			isa = XCBuildConfiguration;
			buildSettings = {
				ALWAYS_SEARCH_USER_PATHS = NO;
				ASSETCATALOG_COMPILER_GENERATE_SWIFT_ASSET_SYMBOL_EXTENSIONS = YES;
				CLANG_ANALYZER_NONNULL = YES;
				CLANG_ANALYZER_NUMBER_OBJECT_CONVERSION = YES_AGGRESSIVE;
				CLANG_CXX_LANGUAGE_STANDARD = "gnu++20";
				CLANG_ENABLE_MODULES = YES;
				CLANG_ENABLE_OBJC_ARC = YES;
				CLANG_ENABLE_OBJC_WEAK = YES;
				CLANG_WARN_BLOCK_CAPTURE_AUTORELEASING = YES;
				CLANG_WARN_BOOL_CONVERSION = YES;
				CLANG_WARN_COMMA = YES;
				CLANG_WARN_CONSTANT_CONVERSION = YES;
				CLANG_WARN_DEPRECATED_OBJC_IMPLEMENTATIONS = YES;
				CLANG_WARN_DIRECT_OBJC_ISA_USAGE = YES_ERROR;
				CLANG_WARN_DOCUMENTATION_COMMENTS = YES;
				CLANG_WARN_EMPTY_BODY = YES;
				CLANG_WARN_ENUM_CONVERSION = YES;
				CLANG_WARN_INFINITE_RECURSION = YES;
				CLANG_WARN_INT_CONVERSION = YES;
				CLANG_WARN_NON_LITERAL_NULL_CONVERSION = YES;
				CLANG_WARN_OBJC_IMPLICIT_RETAIN_SELF = YES;
				CLANG_WARN_OBJC_LITERAL_CONVERSION = YES;
				CLANG_WARN_OBJC_ROOT_CLASS = YES_ERROR;
				CLANG_WARN_QUOTED_INCLUDE_IN_FRAMEWORK_HEADER = YES;
				CLANG_WARN_RANGE_LOOP_ANALYSIS = YES;
				CLANG_WARN_STRICT_PROTOTYPES = YES;
				CLANG_WARN_SUSPICIOUS_MOVE = YES;
				CLANG_WARN_UNGUARDED_AVAILABILITY = YES_AGGRESSIVE;
				CLANG_WARN_UNREACHABLE_CODE = YES;
				CLANG_WARN__DUPLICATE_METHOD_MATCH = YES;
				COPY_PHASE_STRIP = NO;
				DEBUG_INFORMATION_FORMAT = "dwarf-with-dsym";
				DEVELOPMENT_TEAM = HJJGM6KHY5;
				ENABLE_NS_ASSERTIONS = NO;
				ENABLE_STRICT_OBJC_MSGSEND = YES;
				ENABLE_USER_SCRIPT_SANDBOXING = YES;
				GCC_C_LANGUAGE_STANDARD = gnu17;
				GCC_NO_COMMON_BLOCKS = YES;
				GCC_WARN_64_TO_32_BIT_CONVERSION = YES;
				GCC_WARN_ABOUT_RETURN_TYPE = YES_ERROR;
				GCC_WARN_UNDECLARED_SELECTOR = YES;
				GCC_WARN_UNINITIALIZED_AUTOS = YES_AGGRESSIVE;
				GCC_WARN_UNUSED_FUNCTION = YES;
				GCC_WARN_UNUSED_VARIABLE = YES;
				IPHONEOS_DEPLOYMENT_TARGET = 18.5;
				LOCALIZATION_PREFERS_STRING_CATALOGS = YES;
				MTL_ENABLE_DEBUG_INFO = NO;
				MTL_FAST_MATH = YES;
				SDKROOT = iphoneos;
				SWIFT_COMPILATION_MODE = wholemodule;
				VALIDATE_PRODUCT = YES;
			};
			name = Release;
		};
		570A02B12E25859800C149C7 /* Debug */ = {
			isa = XCBuildConfiguration;
			buildSettings = {
				BUNDLE_LOADER = "$(TEST_HOST)";
				CODE_SIGN_STYLE = Automatic;
				CURRENT_PROJECT_VERSION = 1;
				DEVELOPMENT_TEAM = HJJGM6KHY5;
				GENERATE_INFOPLIST_FILE = YES;
				IPHONEOS_DEPLOYMENT_TARGET = 18.5;
				MARKETING_VERSION = 1.0;
				PRODUCT_BUNDLE_IDENTIFIER = OCTOBER.FlowersTests;
				PRODUCT_NAME = "$(TARGET_NAME)";
				SWIFT_EMIT_LOC_STRINGS = NO;
				SWIFT_VERSION = 5.0;
				TARGETED_DEVICE_FAMILY = "1,2";
				TEST_HOST = "$(BUILT_PRODUCTS_DIR)/Flowers.app/$(BUNDLE_EXECUTABLE_FOLDER_PATH)/Flowers";
			};
			name = Debug;
		};
		570A02B22E25859800C149C7 /* Release */ = {
			isa = XCBuildConfiguration;
			buildSettings = {
				BUNDLE_LOADER = "$(TEST_HOST)";
				CODE_SIGN_STYLE = Automatic;
				CURRENT_PROJECT_VERSION = 1;
				DEVELOPMENT_TEAM = HJJGM6KHY5;
				GENERATE_INFOPLIST_FILE = YES;
				IPHONEOS_DEPLOYMENT_TARGET = 18.5;
				MARKETING_VERSION = 1.0;
				PRODUCT_BUNDLE_IDENTIFIER = OCTOBER.FlowersTests;
				PRODUCT_NAME = "$(TARGET_NAME)";
				SWIFT_EMIT_LOC_STRINGS = NO;
				SWIFT_VERSION = 5.0;
				TARGETED_DEVICE_FAMILY = "1,2";
				TEST_HOST = "$(BUILT_PRODUCTS_DIR)/Flowers.app/$(BUNDLE_EXECUTABLE_FOLDER_PATH)/Flowers";
			};
			name = Release;
		};
		570A02B42E25859800C149C7 /* Debug */ = {
			isa = XCBuildConfiguration;
			buildSettings = {
				CODE_SIGN_STYLE = Automatic;
				CURRENT_PROJECT_VERSION = 1;
				DEVELOPMENT_TEAM = HJJGM6KHY5;
				GENERATE_INFOPLIST_FILE = YES;
				MARKETING_VERSION = 1.0;
				PRODUCT_BUNDLE_IDENTIFIER = OCTOBER.FlowersUITests;
				PRODUCT_NAME = "$(TARGET_NAME)";
				SWIFT_EMIT_LOC_STRINGS = NO;
				SWIFT_VERSION = 5.0;
				TARGETED_DEVICE_FAMILY = "1,2";
				TEST_TARGET_NAME = Flowers;
			};
			name = Debug;
		};
		570A02B52E25859800C149C7 /* Release */ = {
			isa = XCBuildConfiguration;
			buildSettings = {
				CODE_SIGN_STYLE = Automatic;
				CURRENT_PROJECT_VERSION = 1;
				DEVELOPMENT_TEAM = HJJGM6KHY5;
				GENERATE_INFOPLIST_FILE = YES;
				MARKETING_VERSION = 1.0;
				PRODUCT_BUNDLE_IDENTIFIER = OCTOBER.FlowersUITests;
				PRODUCT_NAME = "$(TARGET_NAME)";
				SWIFT_EMIT_LOC_STRINGS = NO;
				SWIFT_VERSION = 5.0;
				TARGETED_DEVICE_FAMILY = "1,2";
				TEST_TARGET_NAME = Flowers;
			};
			name = Release;
		};
/* End XCBuildConfiguration section */

/* Begin XCConfigurationList section */
		570A02822E25859600C149C7 /* Build configuration list for PBXProject "Flowers" */ = {
			isa = XCConfigurationList;
			buildConfigurations = (
				570A02AE2E25859800C149C7 /* Debug */,
				570A02AF2E25859800C149C7 /* Release */,
			);
			defaultConfigurationIsVisible = 0;
			defaultConfigurationName = Release;
		};
		570A02AB2E25859800C149C7 /* Build configuration list for PBXNativeTarget "Flowers" */ = {
			isa = XCConfigurationList;
			buildConfigurations = (
				570A02AC2E25859800C149C7 /* Debug */,
				570A02AD2E25859800C149C7 /* Release */,
			);
			defaultConfigurationIsVisible = 0;
			defaultConfigurationName = Release;
		};
		570A02B02E25859800C149C7 /* Build configuration list for PBXNativeTarget "FlowersTests" */ = {
			isa = XCConfigurationList;
			buildConfigurations = (
				570A02B12E25859800C149C7 /* Debug */,
				570A02B22E25859800C149C7 /* Release */,
			);
			defaultConfigurationIsVisible = 0;
			defaultConfigurationName = Release;
		};
		570A02B32E25859800C149C7 /* Build configuration list for PBXNativeTarget "FlowersUITests" */ = {
			isa = XCConfigurationList;
			buildConfigurations = (
				570A02B42E25859800C149C7 /* Debug */,
				570A02B52E25859800C149C7 /* Release */,
			);
			defaultConfigurationIsVisible = 0;
			defaultConfigurationName = Release;
		};
/* End XCConfigurationList section */
	};
	rootObject = 570A027F2E25859600C149C7 /* Project object */;
}
